
Microsoft Visual Studio Solution File, Format Version 12.00
# Visual Studio Version 17
VisualStudioVersion = 17.3.32901.215
MinimumVisualStudioVersion = 10.0.40219.1
Project("{FAE04EC0-301F-11D3-BF4B-00C04F79EFBC}") = "ExcelImport", "ExcelImport.csproj", "{93765E1F-9194-4337-8BE2-D566DECDD63D}"
EndProject
Global
	GlobalSection(SolutionConfigurationPlatforms) = preSolution
		Debug|Any CPU = Debug|Any CPU
		Release|Any CPU = Release|Any CPU
	EndGlobalSection
	GlobalSection(ProjectConfigurationPlatforms) = postSolution
		{93765E1F-9194-4337-8BE2-D566DECDD63D}.Debug|Any CPU.ActiveCfg = Debug|Any CPU
		{93765E1F-9194-4337-8BE2-D566DECDD63D}.Debug|Any CPU.Build.0 = Debug|Any CPU
		{93765E1F-9194-4337-8BE2-D566DECDD63D}.Release|Any CPU.ActiveCfg = Release|Any CPU
		{93765E1F-9194-4337-8BE2-D566DECDD63D}.Release|Any CPU.Build.0 = Release|Any CPU
	EndGlobalSection
	GlobalSection(SolutionProperties) = preSolution
		HideSolutionNode = FALSE
	EndGlobalSection
	GlobalSection(ExtensibilityGlobals) = postSolution
		SolutionGuid = {1ACCE3FA-E3A1-405E-96D6-D7300C54FB98}
	EndGlobalSection
EndGlobal
